// !$*UTF8*$!
{
	archiveVersion = 1;
	classes = {
	};
	objectVersion = 56;
	objects = {

/* Begin PBXBuildFile section */
		F76BE40C2A4556470058015E /* AppDelegate.swift in Sources */ = {isa = PBXBuildFile; fileRef = F76BE40B2A4556470058015E /* AppDelegate.swift */; };
		F76BE40E2A4556470058015E /* SceneDelegate.swift in Sources */ = {isa = PBXBuildFile; fileRef = F76BE40D2A4556470058015E /* SceneDelegate.swift */; };
		F76BE4102A4556470058015E /* MovieDetailViewController.swift in Sources */ = {isa = PBXBuildFile; fileRef = F76BE40F2A4556470058015E /* MovieDetailViewController.swift */; };
		F76BE4132A4556470058015E /* Main.storyboard in Resources */ = {isa = PBXBuildFile; fileRef = F76BE4112A4556470058015E /* Main.storyboard */; };
		F76BE4162A4556470058015E /* Movie_Search_App.xcdatamodeld in Sources */ = {isa = PBXBuildFile; fileRef = F76BE4142A4556470058015E /* Movie_Search_App.xcdatamodeld */; };
		F76BE4182A4556490058015E /* Assets.xcassets in Resources */ = {isa = PBXBuildFile; fileRef = F76BE4172A4556490058015E /* Assets.xcassets */; };
		F76BE41B2A4556490058015E /* LaunchScreen.storyboard in Resources */ = {isa = PBXBuildFile; fileRef = F76BE4192A4556490058015E /* LaunchScreen.storyboard */; };
		F76BE4252A46F1F40058015E /* TableViewController.swift in Sources */ = {isa = PBXBuildFile; fileRef = F76BE4242A46F1F40058015E /* TableViewController.swift */; };
		F76BE4282A46F3500058015E /* Network.swift in Sources */ = {isa = PBXBuildFile; fileRef = F76BE4272A46F3500058015E /* Network.swift */; };
		F76BE42B2A46F3AB0058015E /* Movie.swift in Sources */ = {isa = PBXBuildFile; fileRef = F76BE42A2A46F3AB0058015E /* Movie.swift */; };
		F76BE42D2A487B4F0058015E /* MoviePoster.swift in Sources */ = {isa = PBXBuildFile; fileRef = F76BE42C2A487B4F0058015E /* MoviePoster.swift */; };
/* End PBXBuildFile section */

/* Begin PBXFileReference section */
		F76BE4082A4556470058015E /* Movie_Search_App.app */ = {isa = PBXFileReference; explicitFileType = wrapper.application; includeInIndex = 0; path = Movie_Search_App.app; sourceTree = BUILT_PRODUCTS_DIR; };
		F76BE40B2A4556470058015E /* AppDelegate.swift */ = {isa = PBXFileReference; lastKnownFileType = sourcecode.swift; path = AppDelegate.swift; sourceTree = "<group>"; };
		F76BE40D2A4556470058015E /* SceneDelegate.swift */ = {isa = PBXFileReference; lastKnownFileType = sourcecode.swift; path = SceneDelegate.swift; sourceTree = "<group>"; };
		F76BE40F2A4556470058015E /* MovieDetailViewController.swift */ = {isa = PBXFileReference; lastKnownFileType = sourcecode.swift; path = MovieDetailViewController.swift; sourceTree = "<group>"; };
		F76BE4122A4556470058015E /* Base */ = {isa = PBXFileReference; lastKnownFileType = file.storyboard; name = Base; path = Base.lproj/Main.storyboard; sourceTree = "<group>"; };
		F76BE4152A4556470058015E /* Movie_Search_App.xcdatamodel */ = {isa = PBXFileReference; lastKnownFileType = wrapper.xcdatamodel; path = Movie_Search_App.xcdatamodel; sourceTree = "<group>"; };
		F76BE4172A4556490058015E /* Assets.xcassets */ = {isa = PBXFileReference; lastKnownFileType = folder.assetcatalog; path = Assets.xcassets; sourceTree = "<group>"; };
		F76BE41A2A4556490058015E /* Base */ = {isa = PBXFileReference; lastKnownFileType = file.storyboard; name = Base; path = Base.lproj/LaunchScreen.storyboard; sourceTree = "<group>"; };
		F76BE41C2A4556490058015E /* Info.plist */ = {isa = PBXFileReference; lastKnownFileType = text.plist.xml; path = Info.plist; sourceTree = "<group>"; };
		F76BE4242A46F1F40058015E /* TableViewController.swift */ = {isa = PBXFileReference; lastKnownFileType = sourcecode.swift; path = TableViewController.swift; sourceTree = "<group>"; };
		F76BE4272A46F3500058015E /* Network.swift */ = {isa = PBXFileReference; lastKnownFileType = sourcecode.swift; path = Network.swift; sourceTree = "<group>"; };
		F76BE42A2A46F3AB0058015E /* Movie.swift */ = {isa = PBXFileReference; lastKnownFileType = sourcecode.swift; path = Movie.swift; sourceTree = "<group>"; };
		F76BE42C2A487B4F0058015E /* MoviePoster.swift */ = {isa = PBXFileReference; lastKnownFileType = sourcecode.swift; path = MoviePoster.swift; sourceTree = "<group>"; };
/* End PBXFileReference section */

/* Begin PBXFrameworksBuildPhase section */
		F76BE4052A4556470058015E /* Frameworks */ = {
			isa = PBXFrameworksBuildPhase;
			buildActionMask = 2147483647;
			files = (
			);
			runOnlyForDeploymentPostprocessing = 0;
		};
/* End PBXFrameworksBuildPhase section */

/* Begin PBXGroup section */
		F76BE3FF2A4556470058015E = {
			isa = PBXGroup;
			children = (
				F76BE40A2A4556470058015E /* Movie_Search_App */,
				F76BE4092A4556470058015E /* Products */,
			);
			sourceTree = "<group>";
		};
		F76BE4092A4556470058015E /* Products */ = {
			isa = PBXGroup;
			children = (
				F76BE4082A4556470058015E /* Movie_Search_App.app */,
			);
			name = Products;
			sourceTree = "<group>";
		};
		F76BE40A2A4556470058015E /* Movie_Search_App */ = {
			isa = PBXGroup;
			children = (
				F76BE40B2A4556470058015E /* AppDelegate.swift */,
				F76BE40D2A4556470058015E /* SceneDelegate.swift */,
				F76BE4292A46F3980058015E /* Model */,
				F76BE4222A46CBD30058015E /* View */,
				F76BE4232A46CBE20058015E /* Controller */,
				F76BE4262A46F3220058015E /* Network */,
				F76BE4172A4556490058015E /* Assets.xcassets */,
				F76BE4192A4556490058015E /* LaunchScreen.storyboard */,
				F76BE41C2A4556490058015E /* Info.plist */,
				F76BE4142A4556470058015E /* Movie_Search_App.xcdatamodeld */,
			);
			path = Movie_Search_App;
			sourceTree = "<group>";
		};
		F76BE4222A46CBD30058015E /* View */ = {
			isa = PBXGroup;
			children = (
				F76BE4112A4556470058015E /* Main.storyboard */,
			);
			path = View;
			sourceTree = "<group>";
		};
		F76BE4232A46CBE20058015E /* Controller */ = {
			isa = PBXGroup;
			children = (
				F76BE40F2A4556470058015E /* MovieDetailViewController.swift */,
				F76BE4242A46F1F40058015E /* TableViewController.swift */,
			);
			path = Controller;
			sourceTree = "<group>";
		};
		F76BE4262A46F3220058015E /* Network */ = {
			isa = PBXGroup;
			children = (
				F76BE4272A46F3500058015E /* Network.swift */,
			);
			path = Network;
			sourceTree = "<group>";
		};
		F76BE4292A46F3980058015E /* Model */ = {
			isa = PBXGroup;
			children = (
				F76BE42A2A46F3AB0058015E /* Movie.swift */,
				F76BE42C2A487B4F0058015E /* MoviePoster.swift */,
			);
			path = Model;
			sourceTree = "<group>";
		};
/* End PBXGroup section */

/* Begin PBXNativeTarget section */
		F76BE4072A4556470058015E /* Movie_Search_App */ = {
			isa = PBXNativeTarget;
			buildConfigurationList = F76BE41F2A4556490058015E /* Build configuration list for PBXNativeTarget "Movie_Search_App" */;
			buildPhases = (
				F76BE4042A4556470058015E /* Sources */,
				F76BE4052A4556470058015E /* Frameworks */,
				F76BE4062A4556470058015E /* Resources */,
			);
			buildRules = (
			);
			dependencies = (
			);
			name = Movie_Search_App;
			productName = Movie_Search_App;
			productReference = F76BE4082A4556470058015E /* Movie_Search_App.app */;
			productType = "com.apple.product-type.application";
		};
/* End PBXNativeTarget section */

/* Begin PBXProject section */
		F76BE4002A4556470058015E /* Project object */ = {
			isa = PBXProject;
			attributes = {
				BuildIndependentTargetsInParallel = 1;
				LastSwiftUpdateCheck = 1430;
				LastUpgradeCheck = 1430;
				TargetAttributes = {
					F76BE4072A4556470058015E = {
						CreatedOnToolsVersion = 14.3;
					};
				};
			};
			buildConfigurationList = F76BE4032A4556470058015E /* Build configuration list for PBXProject "Movie_Search_App" */;
			compatibilityVersion = "Xcode 14.0";
			developmentRegion = en;
			hasScannedForEncodings = 0;
			knownRegions = (
				en,
				Base,
			);
			mainGroup = F76BE3FF2A4556470058015E;
			productRefGroup = F76BE4092A4556470058015E /* Products */;
			projectDirPath = "";
			projectRoot = "";
			targets = (
				F76BE4072A4556470058015E /* Movie_Search_App */,
			);
		};
/* End PBXProject section */

/* Begin PBXResourcesBuildPhase section */
		F76BE4062A4556470058015E /* Resources */ = {
			isa = PBXResourcesBuildPhase;
			buildActionMask = 2147483647;
			files = (
				F76BE41B2A4556490058015E /* LaunchScreen.storyboard in Resources */,
				F76BE4182A4556490058015E /* Assets.xcassets in Resources */,
				F76BE4132A4556470058015E /* Main.storyboard in Resources */,
			);
			runOnlyForDeploymentPostprocessing = 0;
		};
/* End PBXResourcesBuildPhase section */

/* Begin PBXSourcesBuildPhase section */
		F76BE4042A4556470058015E /* Sources */ = {
			isa = PBXSourcesBuildPhase;
			buildActionMask = 2147483647;
			files = (
				F76BE42B2A46F3AB0058015E /* Movie.swift in Sources */,
				F76BE42D2A487B4F0058015E /* MoviePoster.swift in Sources */,
				F76BE4102A4556470058015E /* MovieDetailViewController.swift in Sources */,
				F76BE40C2A4556470058015E /* AppDelegate.swift in Sources */,
				F76BE4282A46F3500058015E /* Network.swift in Sources */,
				F76BE4162A4556470058015E /* Movie_Search_App.xcdatamodeld in Sources */,
				F76BE4252A46F1F40058015E /* TableViewController.swift in Sources */,
				F76BE40E2A4556470058015E /* SceneDelegate.swift in Sources */,
			);
			runOnlyForDeploymentPostprocessing = 0;
		};
/* End PBXSourcesBuildPhase section */

/* Begin PBXVariantGroup section */
		F76BE4112A4556470058015E /* Main.storyboard */ = {
			isa = PBXVariantGroup;
			children = (
				F76BE4122A4556470058015E /* Base */,
			);
			name = Main.storyboard;
			sourceTree = "<group>";
		};
		F76BE4192A4556490058015E /* LaunchScreen.storyboard */ = {
			isa = PBXVariantGroup;
			children = (
				F76BE41A2A4556490058015E /* Base */,
			);
			name = LaunchScreen.storyboard;
			sourceTree = "<group>";
		};
/* End PBXVariantGroup section */

/* Begin XCBuildConfiguration section */
		F76BE41D2A4556490058015E /* Debug */ = {
			isa = XCBuildConfiguration;
			buildSettings = {
				ALWAYS_SEARCH_USER_PATHS = NO;
				CLANG_ANALYZER_NONNULL = YES;
				CLANG_ANALYZER_NUMBER_OBJECT_CONVERSION = YES_AGGRESSIVE;
				CLANG_CXX_LANGUAGE_STANDARD = "gnu++20";
				CLANG_ENABLE_MODULES = YES;
				CLANG_ENABLE_OBJC_ARC = YES;
				CLANG_ENABLE_OBJC_WEAK = YES;
				CLANG_WARN_BLOCK_CAPTURE_AUTORELEASING = YES;
				CLANG_WARN_BOOL_CONVERSION = YES;
				CLANG_WARN_COMMA = YES;
				CLANG_WARN_CONSTANT_CONVERSION = YES;
				CLANG_WARN_DEPRECATED_OBJC_IMPLEMENTATIONS = YES;
				CLANG_WARN_DIRECT_OBJC_ISA_USAGE = YES_ERROR;
				CLANG_WARN_DOCUMENTATION_COMMENTS = YES;
				CLANG_WARN_EMPTY_BODY = YES;
				CLANG_WARN_ENUM_CONVERSION = YES;
				CLANG_WARN_INFINITE_RECURSION = YES;
				CLANG_WARN_INT_CONVERSION = YES;
				CLANG_WARN_NON_LITERAL_NULL_CONVERSION = YES;
				CLANG_WARN_OBJC_IMPLICIT_RETAIN_SELF = YES;
				CLANG_WARN_OBJC_LITERAL_CONVERSION = YES;
				CLANG_WARN_OBJC_ROOT_CLASS = YES_ERROR;
				CLANG_WARN_QUOTED_INCLUDE_IN_FRAMEWORK_HEADER = YES;
				CLANG_WARN_RANGE_LOOP_ANALYSIS = YES;
				CLANG_WARN_STRICT_PROTOTYPES = YES;
				CLANG_WARN_SUSPICIOUS_MOVE = YES;
				CLANG_WARN_UNGUARDED_AVAILABILITY = YES_AGGRESSIVE;
				CLANG_WARN_UNREACHABLE_CODE = YES;
				CLANG_WARN__DUPLICATE_METHOD_MATCH = YES;
				COPY_PHASE_STRIP = NO;
				DEBUG_INFORMATION_FORMAT = dwarf;
				ENABLE_STRICT_OBJC_MSGSEND = YES;
				ENABLE_TESTABILITY = YES;
				GCC_C_LANGUAGE_STANDARD = gnu11;
				GCC_DYNAMIC_NO_PIC = NO;
				GCC_NO_COMMON_BLOCKS = YES;
				GCC_OPTIMIZATION_LEVEL = 0;
				GCC_PREPROCESSOR_DEFINITIONS = (
					"DEBUG=1",
					"$(inherited)",
				);
				GCC_WARN_64_TO_32_BIT_CONVERSION = YES;
				GCC_WARN_ABOUT_RETURN_TYPE = YES_ERROR;
				GCC_WARN_UNDECLARED_SELECTOR = YES;
				GCC_WARN_UNINITIALIZED_AUTOS = YES_AGGRESSIVE;
				GCC_WARN_UNUSED_FUNCTION = YES;
				GCC_WARN_UNUSED_VARIABLE = YES;
				IPHONEOS_DEPLOYMENT_TARGET = 16.4;
				MTL_ENABLE_DEBUG_INFO = INCLUDE_SOURCE;
				MTL_FAST_MATH = YES;
				ONLY_ACTIVE_ARCH = YES;
				SDKROOT = iphoneos;
				SWIFT_ACTIVE_COMPILATION_CONDITIONS = DEBUG;
				SWIFT_OPTIMIZATION_LEVEL = "-Onone";
			};
			name = Debug;
		};
		F76BE41E2A4556490058015E /* Release */ = {
			isa = XCBuildConfiguration;
			buildSettings = {
				ALWAYS_SEARCH_USER_PATHS = NO;
				CLANG_ANALYZER_NONNULL = YES;
				CLANG_ANALYZER_NUMBER_OBJECT_CONVERSION = YES_AGGRESSIVE;
				CLANG_CXX_LANGUAGE_STANDARD = "gnu++20";
				CLANG_ENABLE_MODULES = YES;
				CLANG_ENABLE_OBJC_ARC = YES;
				CLANG_ENABLE_OBJC_WEAK = YES;
				CLANG_WARN_BLOCK_CAPTURE_AUTORELEASING = YES;
				CLANG_WARN_BOOL_CONVERSION = YES;
				CLANG_WARN_COMMA = YES;
				CLANG_WARN_CONSTANT_CONVERSION = YES;
				CLANG_WARN_DEPRECATED_OBJC_IMPLEMENTATIONS = YES;
				CLANG_WARN_DIRECT_OBJC_ISA_USAGE = YES_ERROR;
				CLANG_WARN_DOCUMENTATION_COMMENTS = YES;
				CLANG_WARN_EMPTY_BODY = YES;
				CLANG_WARN_ENUM_CONVERSION = YES;
				CLANG_WARN_INFINITE_RECURSION = YES;
				CLANG_WARN_INT_CONVERSION = YES;
				CLANG_WARN_NON_LITERAL_NULL_CONVERSION = YES;
				CLANG_WARN_OBJC_IMPLICIT_RETAIN_SELF = YES;
				CLANG_WARN_OBJC_LITERAL_CONVERSION = YES;
				CLANG_WARN_OBJC_ROOT_CLASS = YES_ERROR;
				CLANG_WARN_QUOTED_INCLUDE_IN_FRAMEWORK_HEADER = YES;
				CLANG_WARN_RANGE_LOOP_ANALYSIS = YES;
				CLANG_WARN_STRICT_PROTOTYPES = YES;
				CLANG_WARN_SUSPICIOUS_MOVE = YES;
				CLANG_WARN_UNGUARDED_AVAILABILITY = YES_AGGRESSIVE;
				CLANG_WARN_UNREACHABLE_CODE = YES;
				CLANG_WARN__DUPLICATE_METHOD_MATCH = YES;
				COPY_PHASE_STRIP = NO;
				DEBUG_INFORMATION_FORMAT = "dwarf-with-dsym";
				ENABLE_NS_ASSERTIONS = NO;
				ENABLE_STRICT_OBJC_MSGSEND = YES;
				GCC_C_LANGUAGE_STANDARD = gnu11;
				GCC_NO_COMMON_BLOCKS = YES;
				GCC_WARN_64_TO_32_BIT_CONVERSION = YES;
				GCC_WARN_ABOUT_RETURN_TYPE = YES_ERROR;
				GCC_WARN_UNDECLARED_SELECTOR = YES;
				GCC_WARN_UNINITIALIZED_AUTOS = YES_AGGRESSIVE;
				GCC_WARN_UNUSED_FUNCTION = YES;
				GCC_WARN_UNUSED_VARIABLE = YES;
				IPHONEOS_DEPLOYMENT_TARGET = 16.4;
				MTL_ENABLE_DEBUG_INFO = NO;
				MTL_FAST_MATH = YES;
				SDKROOT = iphoneos;
				SWIFT_COMPILATION_MODE = wholemodule;
				SWIFT_OPTIMIZATION_LEVEL = "-O";
				VALIDATE_PRODUCT = YES;
			};
			name = Release;
		};
		F76BE4202A4556490058015E /* Debug */ = {
			isa = XCBuildConfiguration;
			buildSettings = {
				ASSETCATALOG_COMPILER_APPICON_NAME = AppIcon;
				ASSETCATALOG_COMPILER_GLOBAL_ACCENT_COLOR_NAME = AccentColor;
				CODE_SIGN_STYLE = Automatic;
				CURRENT_PROJECT_VERSION = 1;
				GENERATE_INFOPLIST_FILE = YES;
				INFOPLIST_FILE = Movie_Search_App/Info.plist;
				INFOPLIST_KEY_UIApplicationSupportsIndirectInputEvents = YES;
				INFOPLIST_KEY_UILaunchStoryboardName = LaunchScreen;
				INFOPLIST_KEY_UIMainStoryboardFile = Main;
				INFOPLIST_KEY_UISupportedInterfaceOrientations_iPad = "UIInterfaceOrientationPortrait UIInterfaceOrientationPortraitUpsideDown UIInterfaceOrientationLandscapeLeft UIInterfaceOrientationLandscapeRight";
				INFOPLIST_KEY_UISupportedInterfaceOrientations_iPhone = "UIInterfaceOrientationPortrait UIInterfaceOrientationLandscapeLeft UIInterfaceOrientationLandscapeRight";
				LD_RUNPATH_SEARCH_PATHS = (
					"$(inherited)",
					"@executable_path/Frameworks",
				);
				MARKETING_VERSION = 1.0;
				PRODUCT_BUNDLE_IDENTIFIER = "aaronP.Movie-Search-App";
				PRODUCT_NAME = "$(TARGET_NAME)";
				SWIFT_EMIT_LOC_STRINGS = YES;
				SWIFT_VERSION = 5.0;
				TARGETED_DEVICE_FAMILY = "1,2";
			};
			name = Debug;
		};
		F76BE4212A4556490058015E /* Release */ = {
			isa = XCBuildConfiguration;
			buildSettings = {
				ASSETCATALOG_COMPILER_APPICON_NAME = AppIcon;
				ASSETCATALOG_COMPILER_GLOBAL_ACCENT_COLOR_NAME = AccentColor;
				CODE_SIGN_STYLE = Automatic;
				CURRENT_PROJECT_VERSION = 1;
				GENERATE_INFOPLIST_FILE = YES;
				INFOPLIST_FILE = Movie_Search_App/Info.plist;
				INFOPLIST_KEY_UIApplicationSupportsIndirectInputEvents = YES;
				INFOPLIST_KEY_UILaunchStoryboardName = LaunchScreen;
				INFOPLIST_KEY_UIMainStoryboardFile = Main;
				INFOPLIST_KEY_UISupportedInterfaceOrientations_iPad = "UIInterfaceOrientationPortrait UIInterfaceOrientationPortraitUpsideDown UIInterfaceOrientationLandscapeLeft UIInterfaceOrientationLandscapeRight";
				INFOPLIST_KEY_UISupportedInterfaceOrientations_iPhone = "UIInterfaceOrientationPortrait UIInterfaceOrientationLandscapeLeft UIInterfaceOrientationLandscapeRight";
				LD_RUNPATH_SEARCH_PATHS = (
					"$(inherited)",
					"@executable_path/Frameworks",
				);
				MARKETING_VERSION = 1.0;
				PRODUCT_BUNDLE_IDENTIFIER = "aaronP.Movie-Search-App";
				PRODUCT_NAME = "$(TARGET_NAME)";
				SWIFT_EMIT_LOC_STRINGS = YES;
				SWIFT_VERSION = 5.0;
				TARGETED_DEVICE_FAMILY = "1,2";
			};
			name = Release;
		};
/* End XCBuildConfiguration section */

/* Begin XCConfigurationList section */
		F76BE4032A4556470058015E /* Build configuration list for PBXProject "Movie_Search_App" */ = {
			isa = XCConfigurationList;
			buildConfigurations = (
				F76BE41D2A4556490058015E /* Debug */,
				F76BE41E2A4556490058015E /* Release */,
			);
			defaultConfigurationIsVisible = 0;
			defaultConfigurationName = Release;
		};
		F76BE41F2A4556490058015E /* Build configuration list for PBXNativeTarget "Movie_Search_App" */ = {
			isa = XCConfigurationList;
			buildConfigurations = (
				F76BE4202A4556490058015E /* Debug */,
				F76BE4212A4556490058015E /* Release */,
			);
			defaultConfigurationIsVisible = 0;
			defaultConfigurationName = Release;
		};
/* End XCConfigurationList section */

/* Begin XCVersionGroup section */
		F76BE4142A4556470058015E /* Movie_Search_App.xcdatamodeld */ = {
			isa = XCVersionGroup;
			children = (
				F76BE4152A4556470058015E /* Movie_Search_App.xcdatamodel */,
			);
			currentVersion = F76BE4152A4556470058015E /* Movie_Search_App.xcdatamodel */;
			path = Movie_Search_App.xcdatamodeld;
			sourceTree = "<group>";
			versionGroupType = wrapper.xcdatamodel;
		};
/* End XCVersionGroup section */
	};
	rootObject = F76BE4002A4556470058015E /* Project object */;
}
